
Microsoft Visual Studio Solution File, Format Version 12.00
# Visual Studio Version 17
VisualStudioVersion = 17.1.32210.238
MinimumVisualStudioVersion = 10.0.40219.1
Project("{FAE04EC0-301F-11D3-BF4B-00C04F79EFBC}") = "MusicTagEditor", "MusicTagEditor\MusicTagEditor.csproj", "{17485E39-5EA5-4B7C-B894-7DA13EDF9C09}"
EndProject
Global
	GlobalSection(SolutionConfigurationPlatforms) = preSolution
		Debug|Any CPU = Debug|Any CPU
		Release|Any CPU = Release|Any CPU
	EndGlobalSection
	GlobalSection(ProjectConfigurationPlatforms) = postSolution
		{17485E39-5EA5-4B7C-B894-7DA13EDF9C09}.Debug|Any CPU.ActiveCfg = Debug|Any CPU
		{17485E39-5EA5-4B7C-B894-7DA13EDF9C09}.Debug|Any CPU.Build.0 = Debug|Any CPU
		{17485E39-5EA5-4B7C-B894-7DA13EDF9C09}.Release|Any CPU.ActiveCfg = Release|Any CPU
		{17485E39-5EA5-4B7C-B894-7DA13EDF9C09}.Release|Any CPU.Build.0 = Release|Any CPU
	EndGlobalSection
	GlobalSection(SolutionProperties) = preSolution
		HideSolutionNode = FALSE
	EndGlobalSection
	GlobalSection(ExtensibilityGlobals) = postSolution
		SolutionGuid = {FE9BB905-6C89-4A65-9F4D-6CC09EF70238}
	EndGlobalSection
EndGlobal
